
Microsoft Visual Studio Solution File, Format Version 12.00
# Visual Studio Version 17
VisualStudioVersion = 17.2.32630.192
MinimumVisualStudioVersion = 10.0.40219.1
Project("{FAE04EC0-301F-11D3-BF4B-00C04F79EFBC}") = "termo", "termo\termo.csproj", "{3D0B5CA4-2BFA-459E-AB9B-7E904BA4CFA5}"
EndProject
Global
	GlobalSection(SolutionConfigurationPlatforms) = preSolution
		Debug|Any CPU = Debug|Any CPU
		Release|Any CPU = Release|Any CPU
	EndGlobalSection
	GlobalSection(ProjectConfigurationPlatforms) = postSolution
		{3D0B5CA4-2BFA-459E-AB9B-7E904BA4CFA5}.Debug|Any CPU.ActiveCfg = Debug|Any CPU
		{3D0B5CA4-2BFA-459E-AB9B-7E904BA4CFA5}.Debug|Any CPU.Build.0 = Debug|Any CPU
		{3D0B5CA4-2BFA-459E-AB9B-7E904BA4CFA5}.Release|Any CPU.ActiveCfg = Release|Any CPU
		{3D0B5CA4-2BFA-459E-AB9B-7E904BA4CFA5}.Release|Any CPU.Build.0 = Release|Any CPU
	EndGlobalSection
	GlobalSection(SolutionProperties) = preSolution
		HideSolutionNode = FALSE
	EndGlobalSection
	GlobalSection(ExtensibilityGlobals) = postSolution
		SolutionGuid = {12DC828D-3AEB-456E-8517-52E3193F3DF4}
	EndGlobalSection
EndGlobal
